// !$*UTF8*$!
{
	archiveVersion = 1;
	classes = {
	};
	objectVersion = 46;
	objects = {

/* Begin PBXBuildFile section */
		564E5F751CEAFC4300CA95A9 /* MediaTableViewController.m in Sources */ = {isa = PBXBuildFile; fileRef = 564E5F721CEAFC4300CA95A9 /* MediaTableViewController.m */; };
		564E5F761CEAFC4300CA95A9 /* MusicViewController.m in Sources */ = {isa = PBXBuildFile; fileRef = 564E5F741CEAFC4300CA95A9 /* MusicViewController.m */; };
		564E5F791CEAFC6C00CA95A9 /* RecordViewController.m in Sources */ = {isa = PBXBuildFile; fileRef = 564E5F781CEAFC6C00CA95A9 /* RecordViewController.m */; };
		565E824D1CEAA85500BF9017 /* main.m in Sources */ = {isa = PBXBuildFile; fileRef = 565E824C1CEAA85500BF9017 /* main.m */; };
		565E82501CEAA85500BF9017 /* AppDelegate.m in Sources */ = {isa = PBXBuildFile; fileRef = 565E824F1CEAA85500BF9017 /* AppDelegate.m */; };
		565E82581CEAA85500BF9017 /* Assets.xcassets in Resources */ = {isa = PBXBuildFile; fileRef = 565E82571CEAA85500BF9017 /* Assets.xcassets */; };
		565E825B1CEAA85500BF9017 /* LaunchScreen.storyboard in Resources */ = {isa = PBXBuildFile; fileRef = 565E82591CEAA85500BF9017 /* LaunchScreen.storyboard */; };
		565E82661CEAA85500BF9017 /* CheikDemoTests.m in Sources */ = {isa = PBXBuildFile; fileRef = 565E82651CEAA85500BF9017 /* CheikDemoTests.m */; };
		565E82711CEAA85500BF9017 /* CheikDemoUITests.m in Sources */ = {isa = PBXBuildFile; fileRef = 565E82701CEAA85500BF9017 /* CheikDemoUITests.m */; };
		565E82801CEAAC3F00BF9017 /* HomeTableViewController.m in Sources */ = {isa = PBXBuildFile; fileRef = 565E827F1CEAAC3F00BF9017 /* HomeTableViewController.m */; };
		565E82871CEAB29000BF9017 /* OCDemoTableViewController.m in Sources */ = {isa = PBXBuildFile; fileRef = 565E82861CEAB29000BF9017 /* OCDemoTableViewController.m */; };
		565E828D1CEAC29B00BF9017 /* up.wav in Resources */ = {isa = PBXBuildFile; fileRef = 565E828C1CEAC29B00BF9017 /* up.wav */; };
		565E82941CEAE58700BF9017 /* 原来你也在这里-刘若英.mp3 in Resources */ = {isa = PBXBuildFile; fileRef = 565E82931CEAE58700BF9017 /* 原来你也在这里-刘若英.mp3 */; };
/* End PBXBuildFile section */

/* Begin PBXContainerItemProxy section */
		565E82621CEAA85500BF9017 /* PBXContainerItemProxy */ = {
			isa = PBXContainerItemProxy;
			containerPortal = 565E82401CEAA85500BF9017 /* Project object */;
			proxyType = 1;
			remoteGlobalIDString = 565E82471CEAA85500BF9017;
			remoteInfo = CheikDemo;
		};
		565E826D1CEAA85500BF9017 /* PBXContainerItemProxy */ = {
			isa = PBXContainerItemProxy;
			containerPortal = 565E82401CEAA85500BF9017 /* Project object */;
			proxyType = 1;
			remoteGlobalIDString = 565E82471CEAA85500BF9017;
			remoteInfo = CheikDemo;
		};
/* End PBXContainerItemProxy section */

/* Begin PBXFileReference section */
		564E5F711CEAFC4300CA95A9 /* MediaTableViewController.h */ = {isa = PBXFileReference; fileEncoding = 4; lastKnownFileType = sourcecode.c.h; path = MediaTableViewController.h; sourceTree = "<group>"; };
		564E5F721CEAFC4300CA95A9 /* MediaTableViewController.m */ = {isa = PBXFileReference; fileEncoding = 4; lastKnownFileType = sourcecode.c.objc; path = MediaTableViewController.m; sourceTree = "<group>"; };
		564E5F731CEAFC4300CA95A9 /* MusicViewController.h */ = {isa = PBXFileReference; fileEncoding = 4; lastKnownFileType = sourcecode.c.h; path = MusicViewController.h; sourceTree = "<group>"; };
		564E5F741CEAFC4300CA95A9 /* MusicViewController.m */ = {isa = PBXFileReference; fileEncoding = 4; lastKnownFileType = sourcecode.c.objc; path = MusicViewController.m; sourceTree = "<group>"; };
		564E5F771CEAFC6C00CA95A9 /* RecordViewController.h */ = {isa = PBXFileReference; fileEncoding = 4; lastKnownFileType = sourcecode.c.h; path = RecordViewController.h; sourceTree = "<group>"; };
		564E5F781CEAFC6C00CA95A9 /* RecordViewController.m */ = {isa = PBXFileReference; fileEncoding = 4; lastKnownFileType = sourcecode.c.objc; path = RecordViewController.m; sourceTree = "<group>"; };
		565E82481CEAA85500BF9017 /* CheikDemo.app */ = {isa = PBXFileReference; explicitFileType = wrapper.application; includeInIndex = 0; path = CheikDemo.app; sourceTree = BUILT_PRODUCTS_DIR; };
		565E824C1CEAA85500BF9017 /* main.m */ = {isa = PBXFileReference; lastKnownFileType = sourcecode.c.objc; path = main.m; sourceTree = "<group>"; };
		565E824E1CEAA85500BF9017 /* AppDelegate.h */ = {isa = PBXFileReference; lastKnownFileType = sourcecode.c.h; path = AppDelegate.h; sourceTree = "<group>"; };
		565E824F1CEAA85500BF9017 /* AppDelegate.m */ = {isa = PBXFileReference; lastKnownFileType = sourcecode.c.objc; path = AppDelegate.m; sourceTree = "<group>"; };
		565E82571CEAA85500BF9017 /* Assets.xcassets */ = {isa = PBXFileReference; lastKnownFileType = folder.assetcatalog; path = Assets.xcassets; sourceTree = "<group>"; };
		565E825A1CEAA85500BF9017 /* Base */ = {isa = PBXFileReference; lastKnownFileType = file.storyboard; name = Base; path = Base.lproj/LaunchScreen.storyboard; sourceTree = "<group>"; };
		565E825C1CEAA85500BF9017 /* Info.plist */ = {isa = PBXFileReference; lastKnownFileType = text.plist.xml; path = Info.plist; sourceTree = "<group>"; };
		565E82611CEAA85500BF9017 /* CheikDemoTests.xctest */ = {isa = PBXFileReference; explicitFileType = wrapper.cfbundle; includeInIndex = 0; path = CheikDemoTests.xctest; sourceTree = BUILT_PRODUCTS_DIR; };
		565E82651CEAA85500BF9017 /* CheikDemoTests.m */ = {isa = PBXFileReference; lastKnownFileType = sourcecode.c.objc; path = CheikDemoTests.m; sourceTree = "<group>"; };
		565E82671CEAA85500BF9017 /* Info.plist */ = {isa = PBXFileReference; lastKnownFileType = text.plist.xml; path = Info.plist; sourceTree = "<group>"; };
		565E826C1CEAA85500BF9017 /* CheikDemoUITests.xctest */ = {isa = PBXFileReference; explicitFileType = wrapper.cfbundle; includeInIndex = 0; path = CheikDemoUITests.xctest; sourceTree = BUILT_PRODUCTS_DIR; };
		565E82701CEAA85500BF9017 /* CheikDemoUITests.m */ = {isa = PBXFileReference; lastKnownFileType = sourcecode.c.objc; path = CheikDemoUITests.m; sourceTree = "<group>"; };
		565E82721CEAA85500BF9017 /* Info.plist */ = {isa = PBXFileReference; lastKnownFileType = text.plist.xml; path = Info.plist; sourceTree = "<group>"; };
		565E827E1CEAAC3F00BF9017 /* HomeTableViewController.h */ = {isa = PBXFileReference; fileEncoding = 4; lastKnownFileType = sourcecode.c.h; path = HomeTableViewController.h; sourceTree = "<group>"; };
		565E827F1CEAAC3F00BF9017 /* HomeTableViewController.m */ = {isa = PBXFileReference; fileEncoding = 4; lastKnownFileType = sourcecode.c.objc; path = HomeTableViewController.m; sourceTree = "<group>"; };
		565E82851CEAB29000BF9017 /* OCDemoTableViewController.h */ = {isa = PBXFileReference; fileEncoding = 4; lastKnownFileType = sourcecode.c.h; path = OCDemoTableViewController.h; sourceTree = "<group>"; };
		565E82861CEAB29000BF9017 /* OCDemoTableViewController.m */ = {isa = PBXFileReference; fileEncoding = 4; lastKnownFileType = sourcecode.c.objc; path = OCDemoTableViewController.m; sourceTree = "<group>"; };
		565E828C1CEAC29B00BF9017 /* up.wav */ = {isa = PBXFileReference; lastKnownFileType = audio.wav; path = up.wav; sourceTree = "<group>"; };
		565E82931CEAE58700BF9017 /* 原来你也在这里-刘若英.mp3 */ = {isa = PBXFileReference; lastKnownFileType = audio.mp3; path = "原来你也在这里-刘若英.mp3"; sourceTree = "<group>"; };
/* End PBXFileReference section */

/* Begin PBXFrameworksBuildPhase section */
		565E82451CEAA85500BF9017 /* Frameworks */ = {
			isa = PBXFrameworksBuildPhase;
			buildActionMask = 2147483647;
			files = (
			);
			runOnlyForDeploymentPostprocessing = 0;
		};
		565E825E1CEAA85500BF9017 /* Frameworks */ = {
			isa = PBXFrameworksBuildPhase;
			buildActionMask = 2147483647;
			files = (
			);
			runOnlyForDeploymentPostprocessing = 0;
		};
		565E82691CEAA85500BF9017 /* Frameworks */ = {
			isa = PBXFrameworksBuildPhase;
			buildActionMask = 2147483647;
			files = (
			);
			runOnlyForDeploymentPostprocessing = 0;
		};
/* End PBXFrameworksBuildPhase section */

/* Begin PBXGroup section */
		564E5F701CEAFC4300CA95A9 /* Media */ = {
			isa = PBXGroup;
			children = (
				564E5F711CEAFC4300CA95A9 /* MediaTableViewController.h */,
				564E5F721CEAFC4300CA95A9 /* MediaTableViewController.m */,
				564E5F731CEAFC4300CA95A9 /* MusicViewController.h */,
				564E5F741CEAFC4300CA95A9 /* MusicViewController.m */,
				564E5F771CEAFC6C00CA95A9 /* RecordViewController.h */,
				564E5F781CEAFC6C00CA95A9 /* RecordViewController.m */,
			);
			path = Media;
			sourceTree = "<group>";
		};
		565E823F1CEAA85500BF9017 = {
			isa = PBXGroup;
			children = (
				565E824A1CEAA85500BF9017 /* CheikDemo */,
				565E82641CEAA85500BF9017 /* CheikDemoTests */,
				565E826F1CEAA85500BF9017 /* CheikDemoUITests */,
				565E82491CEAA85500BF9017 /* Products */,
			);
			sourceTree = "<group>";
		};
		565E82491CEAA85500BF9017 /* Products */ = {
			isa = PBXGroup;
			children = (
				565E82481CEAA85500BF9017 /* CheikDemo.app */,
				565E82611CEAA85500BF9017 /* CheikDemoTests.xctest */,
				565E826C1CEAA85500BF9017 /* CheikDemoUITests.xctest */,
			);
			name = Products;
			sourceTree = "<group>";
		};
		565E824A1CEAA85500BF9017 /* CheikDemo */ = {
			isa = PBXGroup;
			children = (
				565E828B1CEAC27900BF9017 /* resource */,
				565E824E1CEAA85500BF9017 /* AppDelegate.h */,
				565E824F1CEAA85500BF9017 /* AppDelegate.m */,
				565E827E1CEAAC3F00BF9017 /* HomeTableViewController.h */,
				565E827F1CEAAC3F00BF9017 /* HomeTableViewController.m */,
				565E82811CEAB23F00BF9017 /* OC */,
				565E82821CEAB23F00BF9017 /* OCDemo */,
				565E82831CEAB23F00BF9017 /* Switf */,
				565E82841CEAB23F00BF9017 /* SwitfDemo */,
				565E82571CEAA85500BF9017 /* Assets.xcassets */,
				565E82591CEAA85500BF9017 /* LaunchScreen.storyboard */,
				565E825C1CEAA85500BF9017 /* Info.plist */,
				565E824B1CEAA85500BF9017 /* Supporting Files */,
			);
			path = CheikDemo;
			sourceTree = "<group>";
		};
		565E824B1CEAA85500BF9017 /* Supporting Files */ = {
			isa = PBXGroup;
			children = (
				565E824C1CEAA85500BF9017 /* main.m */,
			);
			name = "Supporting Files";
			sourceTree = "<group>";
		};
		565E82641CEAA85500BF9017 /* CheikDemoTests */ = {
			isa = PBXGroup;
			children = (
				565E82651CEAA85500BF9017 /* CheikDemoTests.m */,
				565E82671CEAA85500BF9017 /* Info.plist */,
			);
			path = CheikDemoTests;
			sourceTree = "<group>";
		};
		565E826F1CEAA85500BF9017 /* CheikDemoUITests */ = {
			isa = PBXGroup;
			children = (
				565E82701CEAA85500BF9017 /* CheikDemoUITests.m */,
				565E82721CEAA85500BF9017 /* Info.plist */,
			);
			path = CheikDemoUITests;
			sourceTree = "<group>";
		};
		565E82811CEAB23F00BF9017 /* OC */ = {
			isa = PBXGroup;
			children = (
			);
			path = OC;
			sourceTree = "<group>";
		};
		565E82821CEAB23F00BF9017 /* OCDemo */ = {
			isa = PBXGroup;
			children = (
				565E82851CEAB29000BF9017 /* OCDemoTableViewController.h */,
				565E82861CEAB29000BF9017 /* OCDemoTableViewController.m */,
				564E5F701CEAFC4300CA95A9 /* Media */,
			);
			path = OCDemo;
			sourceTree = "<group>";
		};
		565E82831CEAB23F00BF9017 /* Switf */ = {
			isa = PBXGroup;
			children = (
			);
			path = Switf;
			sourceTree = "<group>";
		};
		565E82841CEAB23F00BF9017 /* SwitfDemo */ = {
			isa = PBXGroup;
			children = (
			);
			path = SwitfDemo;
			sourceTree = "<group>";
		};
		565E828B1CEAC27900BF9017 /* resource */ = {
			isa = PBXGroup;
			children = (
				565E82931CEAE58700BF9017 /* 原来你也在这里-刘若英.mp3 */,
				565E828C1CEAC29B00BF9017 /* up.wav */,
			);
			path = resource;
			sourceTree = "<group>";
		};
/* End PBXGroup section */

/* Begin PBXNativeTarget section */
		565E82471CEAA85500BF9017 /* CheikDemo */ = {
			isa = PBXNativeTarget;
			buildConfigurationList = 565E82751CEAA85500BF9017 /* Build configuration list for PBXNativeTarget "CheikDemo" */;
			buildPhases = (
				565E82441CEAA85500BF9017 /* Sources */,
				565E82451CEAA85500BF9017 /* Frameworks */,
				565E82461CEAA85500BF9017 /* Resources */,
			);
			buildRules = (
			);
			dependencies = (
			);
			name = CheikDemo;
			productName = CheikDemo;
			productReference = 565E82481CEAA85500BF9017 /* CheikDemo.app */;
			productType = "com.apple.product-type.application";
		};
		565E82601CEAA85500BF9017 /* CheikDemoTests */ = {
			isa = PBXNativeTarget;
			buildConfigurationList = 565E82781CEAA85500BF9017 /* Build configuration list for PBXNativeTarget "CheikDemoTests" */;
			buildPhases = (
				565E825D1CEAA85500BF9017 /* Sources */,
				565E825E1CEAA85500BF9017 /* Frameworks */,
				565E825F1CEAA85500BF9017 /* Resources */,
			);
			buildRules = (
			);
			dependencies = (
				565E82631CEAA85500BF9017 /* PBXTargetDependency */,
			);
			name = CheikDemoTests;
			productName = CheikDemoTests;
			productReference = 565E82611CEAA85500BF9017 /* CheikDemoTests.xctest */;
			productType = "com.apple.product-type.bundle.unit-test";
		};
		565E826B1CEAA85500BF9017 /* CheikDemoUITests */ = {
			isa = PBXNativeTarget;
			buildConfigurationList = 565E827B1CEAA85500BF9017 /* Build configuration list for PBXNativeTarget "CheikDemoUITests" */;
			buildPhases = (
				565E82681CEAA85500BF9017 /* Sources */,
				565E82691CEAA85500BF9017 /* Frameworks */,
				565E826A1CEAA85500BF9017 /* Resources */,
			);
			buildRules = (
			);
			dependencies = (
				565E826E1CEAA85500BF9017 /* PBXTargetDependency */,
			);
			name = CheikDemoUITests;
			productName = CheikDemoUITests;
			productReference = 565E826C1CEAA85500BF9017 /* CheikDemoUITests.xctest */;
			productType = "com.apple.product-type.bundle.ui-testing";
		};
/* End PBXNativeTarget section */

/* Begin PBXProject section */
		565E82401CEAA85500BF9017 /* Project object */ = {
			isa = PBXProject;
			attributes = {
				LastUpgradeCheck = 0730;
				ORGANIZATIONNAME = cheik;
				TargetAttributes = {
					565E82471CEAA85500BF9017 = {
						CreatedOnToolsVersion = 7.3;
					};
					565E82601CEAA85500BF9017 = {
						CreatedOnToolsVersion = 7.3;
						TestTargetID = 565E82471CEAA85500BF9017;
					};
					565E826B1CEAA85500BF9017 = {
						CreatedOnToolsVersion = 7.3;
						TestTargetID = 565E82471CEAA85500BF9017;
					};
				};
			};
			buildConfigurationList = 565E82431CEAA85500BF9017 /* Build configuration list for PBXProject "CheikDemo" */;
			compatibilityVersion = "Xcode 3.2";
			developmentRegion = English;
			hasScannedForEncodings = 0;
			knownRegions = (
				en,
				Base,
			);
			mainGroup = 565E823F1CEAA85500BF9017;
			productRefGroup = 565E82491CEAA85500BF9017 /* Products */;
			projectDirPath = "";
			projectRoot = "";
			targets = (
				565E82471CEAA85500BF9017 /* CheikDemo */,
				565E82601CEAA85500BF9017 /* CheikDemoTests */,
				565E826B1CEAA85500BF9017 /* CheikDemoUITests */,
			);
		};
/* End PBXProject section */

/* Begin PBXResourcesBuildPhase section */
		565E82461CEAA85500BF9017 /* Resources */ = {
			isa = PBXResourcesBuildPhase;
			buildActionMask = 2147483647;
			files = (
				565E82941CEAE58700BF9017 /* 原来你也在这里-刘若英.mp3 in Resources */,
				565E825B1CEAA85500BF9017 /* LaunchScreen.storyboard in Resources */,
				565E828D1CEAC29B00BF9017 /* up.wav in Resources */,
				565E82581CEAA85500BF9017 /* Assets.xcassets in Resources */,
			);
			runOnlyForDeploymentPostprocessing = 0;
		};
		565E825F1CEAA85500BF9017 /* Resources */ = {
			isa = PBXResourcesBuildPhase;
			buildActionMask = 2147483647;
			files = (
			);
			runOnlyForDeploymentPostprocessing = 0;
		};
		565E826A1CEAA85500BF9017 /* Resources */ = {
			isa = PBXResourcesBuildPhase;
			buildActionMask = 2147483647;
			files = (
			);
			runOnlyForDeploymentPostprocessing = 0;
		};
/* End PBXResourcesBuildPhase section */

/* Begin PBXSourcesBuildPhase section */
		565E82441CEAA85500BF9017 /* Sources */ = {
			isa = PBXSourcesBuildPhase;
			buildActionMask = 2147483647;
			files = (
				564E5F761CEAFC4300CA95A9 /* MusicViewController.m in Sources */,
				564E5F751CEAFC4300CA95A9 /* MediaTableViewController.m in Sources */,
				565E82871CEAB29000BF9017 /* OCDemoTableViewController.m in Sources */,
				565E82501CEAA85500BF9017 /* AppDelegate.m in Sources */,
				565E82801CEAAC3F00BF9017 /* HomeTableViewController.m in Sources */,
				564E5F791CEAFC6C00CA95A9 /* RecordViewController.m in Sources */,
				565E824D1CEAA85500BF9017 /* main.m in Sources */,
			);
			runOnlyForDeploymentPostprocessing = 0;
		};
		565E825D1CEAA85500BF9017 /* Sources */ = {
			isa = PBXSourcesBuildPhase;
			buildActionMask = 2147483647;
			files = (
				565E82661CEAA85500BF9017 /* CheikDemoTests.m in Sources */,
			);
			runOnlyForDeploymentPostprocessing = 0;
		};
		565E82681CEAA85500BF9017 /* Sources */ = {
			isa = PBXSourcesBuildPhase;
			buildActionMask = 2147483647;
			files = (
				565E82711CEAA85500BF9017 /* CheikDemoUITests.m in Sources */,
			);
			runOnlyForDeploymentPostprocessing = 0;
		};
/* End PBXSourcesBuildPhase section */

/* Begin PBXTargetDependency section */
		565E82631CEAA85500BF9017 /* PBXTargetDependency */ = {
			isa = PBXTargetDependency;
			target = 565E82471CEAA85500BF9017 /* CheikDemo */;
			targetProxy = 565E82621CEAA85500BF9017 /* PBXContainerItemProxy */;
		};
		565E826E1CEAA85500BF9017 /* PBXTargetDependency */ = {
			isa = PBXTargetDependency;
			target = 565E82471CEAA85500BF9017 /* CheikDemo */;
			targetProxy = 565E826D1CEAA85500BF9017 /* PBXContainerItemProxy */;
		};
/* End PBXTargetDependency section */

/* Begin PBXVariantGroup section */
		565E82591CEAA85500BF9017 /* LaunchScreen.storyboard */ = {
			isa = PBXVariantGroup;
			children = (
				565E825A1CEAA85500BF9017 /* Base */,
			);
			name = LaunchScreen.storyboard;
			sourceTree = "<group>";
		};
/* End PBXVariantGroup section */

/* Begin XCBuildConfiguration section */
		565E82731CEAA85500BF9017 /* Debug */ = {
			isa = XCBuildConfiguration;
			buildSettings = {
				ALWAYS_SEARCH_USER_PATHS = NO;
				CLANG_ANALYZER_NONNULL = YES;
				CLANG_CXX_LANGUAGE_STANDARD = "gnu++0x";
				CLANG_CXX_LIBRARY = "libc++";
				CLANG_ENABLE_MODULES = YES;
				CLANG_ENABLE_OBJC_ARC = YES;
				CLANG_WARN_BOOL_CONVERSION = YES;
				CLANG_WARN_CONSTANT_CONVERSION = YES;
				CLANG_WARN_DIRECT_OBJC_ISA_USAGE = YES_ERROR;
				CLANG_WARN_EMPTY_BODY = YES;
				CLANG_WARN_ENUM_CONVERSION = YES;
				CLANG_WARN_INT_CONVERSION = YES;
				CLANG_WARN_OBJC_ROOT_CLASS = YES_ERROR;
				CLANG_WARN_UNREACHABLE_CODE = YES;
				CLANG_WARN__DUPLICATE_METHOD_MATCH = YES;
				"CODE_SIGN_IDENTITY[sdk=iphoneos*]" = "iPhone Developer";
				COPY_PHASE_STRIP = NO;
				DEBUG_INFORMATION_FORMAT = dwarf;
				ENABLE_STRICT_OBJC_MSGSEND = YES;
				ENABLE_TESTABILITY = YES;
				GCC_C_LANGUAGE_STANDARD = gnu99;
				GCC_DYNAMIC_NO_PIC = NO;
				GCC_NO_COMMON_BLOCKS = YES;
				GCC_OPTIMIZATION_LEVEL = 0;
				GCC_PREPROCESSOR_DEFINITIONS = (
					"DEBUG=1",
					"$(inherited)",
				);
				GCC_WARN_64_TO_32_BIT_CONVERSION = YES;
				GCC_WARN_ABOUT_RETURN_TYPE = YES_ERROR;
				GCC_WARN_UNDECLARED_SELECTOR = YES;
				GCC_WARN_UNINITIALIZED_AUTOS = YES_AGGRESSIVE;
				GCC_WARN_UNUSED_FUNCTION = YES;
				GCC_WARN_UNUSED_VARIABLE = YES;
				IPHONEOS_DEPLOYMENT_TARGET = 9.3;
				MTL_ENABLE_DEBUG_INFO = YES;
				ONLY_ACTIVE_ARCH = YES;
				SDKROOT = iphoneos;
			};
			name = Debug;
		};
		565E82741CEAA85500BF9017 /* Release */ = {
			isa = XCBuildConfiguration;
			buildSettings = {
				ALWAYS_SEARCH_USER_PATHS = NO;
				CLANG_ANALYZER_NONNULL = YES;
				CLANG_CXX_LANGUAGE_STANDARD = "gnu++0x";
				CLANG_CXX_LIBRARY = "libc++";
				CLANG_ENABLE_MODULES = YES;
				CLANG_ENABLE_OBJC_ARC = YES;
				CLANG_WARN_BOOL_CONVERSION = YES;
				CLANG_WARN_CONSTANT_CONVERSION = YES;
				CLANG_WARN_DIRECT_OBJC_ISA_USAGE = YES_ERROR;
				CLANG_WARN_EMPTY_BODY = YES;
				CLANG_WARN_ENUM_CONVERSION = YES;
				CLANG_WARN_INT_CONVERSION = YES;
				CLANG_WARN_OBJC_ROOT_CLASS = YES_ERROR;
				CLANG_WARN_UNREACHABLE_CODE = YES;
				CLANG_WARN__DUPLICATE_METHOD_MATCH = YES;
				"CODE_SIGN_IDENTITY[sdk=iphoneos*]" = "iPhone Developer";
				COPY_PHASE_STRIP = NO;
				DEBUG_INFORMATION_FORMAT = "dwarf-with-dsym";
				ENABLE_NS_ASSERTIONS = NO;
				ENABLE_STRICT_OBJC_MSGSEND = YES;
				GCC_C_LANGUAGE_STANDARD = gnu99;
				GCC_NO_COMMON_BLOCKS = YES;
				GCC_WARN_64_TO_32_BIT_CONVERSION = YES;
				GCC_WARN_ABOUT_RETURN_TYPE = YES_ERROR;
				GCC_WARN_UNDECLARED_SELECTOR = YES;
				GCC_WARN_UNINITIALIZED_AUTOS = YES_AGGRESSIVE;
				GCC_WARN_UNUSED_FUNCTION = YES;
				GCC_WARN_UNUSED_VARIABLE = YES;
				IPHONEOS_DEPLOYMENT_TARGET = 9.3;
				MTL_ENABLE_DEBUG_INFO = NO;
				SDKROOT = iphoneos;
				VALIDATE_PRODUCT = YES;
			};
			name = Release;
		};
		565E82761CEAA85500BF9017 /* Debug */ = {
			isa = XCBuildConfiguration;
			buildSettings = {
				ASSETCATALOG_COMPILER_APPICON_NAME = AppIcon;
				INFOPLIST_FILE = CheikDemo/Info.plist;
				IPHONEOS_DEPLOYMENT_TARGET = 7.0;
				LD_RUNPATH_SEARCH_PATHS = "$(inherited) @executable_path/Frameworks";
				PRODUCT_BUNDLE_IDENTIFIER = www.gwfx.gts2;
				PRODUCT_NAME = "$(TARGET_NAME)";
			};
			name = Debug;
		};
		565E82771CEAA85500BF9017 /* Release */ = {
			isa = XCBuildConfiguration;
			buildSettings = {
				ASSETCATALOG_COMPILER_APPICON_NAME = AppIcon;
				INFOPLIST_FILE = CheikDemo/Info.plist;
				IPHONEOS_DEPLOYMENT_TARGET = 7.0;
				LD_RUNPATH_SEARCH_PATHS = "$(inherited) @executable_path/Frameworks";
				PRODUCT_BUNDLE_IDENTIFIER = www.gwfx.gts2;
				PRODUCT_NAME = "$(TARGET_NAME)";
			};
			name = Release;
		};
		565E82791CEAA85500BF9017 /* Debug */ = {
			isa = XCBuildConfiguration;
			buildSettings = {
				BUNDLE_LOADER = "$(TEST_HOST)";
				INFOPLIST_FILE = CheikDemoTests/Info.plist;
				LD_RUNPATH_SEARCH_PATHS = "$(inherited) @executable_path/Frameworks @loader_path/Frameworks";
				PRODUCT_BUNDLE_IDENTIFIER = www.gwfx.gts2.CheikDemoTests;
				PRODUCT_NAME = "$(TARGET_NAME)";
				TEST_HOST = "$(BUILT_PRODUCTS_DIR)/CheikDemo.app/CheikDemo";
			};
			name = Debug;
		};
		565E827A1CEAA85500BF9017 /* Release */ = {
			isa = XCBuildConfiguration;
			buildSettings = {
				BUNDLE_LOADER = "$(TEST_HOST)";
				INFOPLIST_FILE = CheikDemoTests/Info.plist;
				LD_RUNPATH_SEARCH_PATHS = "$(inherited) @executable_path/Frameworks @loader_path/Frameworks";
				PRODUCT_BUNDLE_IDENTIFIER = www.gwfx.gts2.CheikDemoTests;
				PRODUCT_NAME = "$(TARGET_NAME)";
				TEST_HOST = "$(BUILT_PRODUCTS_DIR)/CheikDemo.app/CheikDemo";
			};
			name = Release;
		};
		565E827C1CEAA85500BF9017 /* Debug */ = {
			isa = XCBuildConfiguration;
			buildSettings = {
				INFOPLIST_FILE = CheikDemoUITests/Info.plist;
				LD_RUNPATH_SEARCH_PATHS = "$(inherited) @executable_path/Frameworks @loader_path/Frameworks";
				PRODUCT_BUNDLE_IDENTIFIER = www.gwfx.gts2.CheikDemoUITests;
				PRODUCT_NAME = "$(TARGET_NAME)";
				TEST_TARGET_NAME = CheikDemo;
			};
			name = Debug;
		};
		565E827D1CEAA85500BF9017 /* Release */ = {
			isa = XCBuildConfiguration;
			buildSettings = {
				INFOPLIST_FILE = CheikDemoUITests/Info.plist;
				LD_RUNPATH_SEARCH_PATHS = "$(inherited) @executable_path/Frameworks @loader_path/Frameworks";
				PRODUCT_BUNDLE_IDENTIFIER = www.gwfx.gts2.CheikDemoUITests;
				PRODUCT_NAME = "$(TARGET_NAME)";
				TEST_TARGET_NAME = CheikDemo;
			};
			name = Release;
		};
/* End XCBuildConfiguration section */

/* Begin XCConfigurationList section */
		565E82431CEAA85500BF9017 /* Build configuration list for PBXProject "CheikDemo" */ = {
			isa = XCConfigurationList;
			buildConfigurations = (
				565E82731CEAA85500BF9017 /* Debug */,
				565E82741CEAA85500BF9017 /* Release */,
			);
			defaultConfigurationIsVisible = 0;
			defaultConfigurationName = Release;
		};
		565E82751CEAA85500BF9017 /* Build configuration list for PBXNativeTarget "CheikDemo" */ = {
			isa = XCConfigurationList;
			buildConfigurations = (
				565E82761CEAA85500BF9017 /* Debug */,
				565E82771CEAA85500BF9017 /* Release */,
			);
			defaultConfigurationIsVisible = 0;
			defaultConfigurationName = Release;
		};
		565E82781CEAA85500BF9017 /* Build configuration list for PBXNativeTarget "CheikDemoTests" */ = {
			isa = XCConfigurationList;
			buildConfigurations = (
				565E82791CEAA85500BF9017 /* Debug */,
				565E827A1CEAA85500BF9017 /* Release */,
			);
			defaultConfigurationIsVisible = 0;
			defaultConfigurationName = Release;
		};
		565E827B1CEAA85500BF9017 /* Build configuration list for PBXNativeTarget "CheikDemoUITests" */ = {
			isa = XCConfigurationList;
			buildConfigurations = (
				565E827C1CEAA85500BF9017 /* Debug */,
				565E827D1CEAA85500BF9017 /* Release */,
			);
			defaultConfigurationIsVisible = 0;
			defaultConfigurationName = Release;
		};
/* End XCConfigurationList section */
	};
	rootObject = 565E82401CEAA85500BF9017 /* Project object */;
}
